
Microsoft Visual Studio Solution File, Format Version 12.00
# Visual Studio Version 16
VisualStudioVersion = 16.0.32228.343
MinimumVisualStudioVersion = 10.0.40219.1
Project("{9A19103F-16F7-4668-BE54-9A1E7A4F7556}") = "WindowsFirewallManager", "WindowsFirewallManager\WindowsFirewallManager.csproj", "{62F169A2-FC31-465E-A99F-E0E856DA37DC}"
EndProject
Global
	GlobalSection(SolutionConfigurationPlatforms) = preSolution
		Debug|Any CPU = Debug|Any CPU
		Release|Any CPU = Release|Any CPU
	EndGlobalSection
	GlobalSection(ProjectConfigurationPlatforms) = postSolution
		{62F169A2-FC31-465E-A99F-E0E856DA37DC}.Debug|Any CPU.ActiveCfg = Debug|Any CPU
		{62F169A2-FC31-465E-A99F-E0E856DA37DC}.Debug|Any CPU.Build.0 = Debug|Any CPU
		{62F169A2-FC31-465E-A99F-E0E856DA37DC}.Release|Any CPU.ActiveCfg = Release|Any CPU
		{62F169A2-FC31-465E-A99F-E0E856DA37DC}.Release|Any CPU.Build.0 = Release|Any CPU
	EndGlobalSection
	GlobalSection(SolutionProperties) = preSolution
		HideSolutionNode = FALSE
	EndGlobalSection
	GlobalSection(ExtensibilityGlobals) = postSolution
		SolutionGuid = {FF4BD8EC-52FA-483A-B640-772FAD78ED99}
	EndGlobalSection
EndGlobal
